
Microsoft Visual Studio Solution File, Format Version 12.00
# Visual Studio Version 17
VisualStudioVersion = 17.4.33110.190
MinimumVisualStudioVersion = 10.0.40219.1
Project("{FAE04EC0-301F-11D3-BF4B-00C04F79EFBC}") = "pdfExport", "pdfExport\pdfExport.csproj", "{6ADA96A7-996D-46C7-B16F-EE489DE0B14A}"
EndProject
Global
	GlobalSection(SolutionConfigurationPlatforms) = preSolution
		Debug|Any CPU = Debug|Any CPU
		Release|Any CPU = Release|Any CPU
	EndGlobalSection
	GlobalSection(ProjectConfigurationPlatforms) = postSolution
		{6ADA96A7-996D-46C7-B16F-EE489DE0B14A}.Debug|Any CPU.ActiveCfg = Debug|Any CPU
		{6ADA96A7-996D-46C7-B16F-EE489DE0B14A}.Debug|Any CPU.Build.0 = Debug|Any CPU
		{6ADA96A7-996D-46C7-B16F-EE489DE0B14A}.Release|Any CPU.ActiveCfg = Release|Any CPU
		{6ADA96A7-996D-46C7-B16F-EE489DE0B14A}.Release|Any CPU.Build.0 = Release|Any CPU
	EndGlobalSection
	GlobalSection(SolutionProperties) = preSolution
		HideSolutionNode = FALSE
	EndGlobalSection
	GlobalSection(ExtensibilityGlobals) = postSolution
		SolutionGuid = {8A393CD4-6209-4F29-8743-6AC20BE9FAE6}
	EndGlobalSection
EndGlobal
